
Microsoft Visual Studio Solution File, Format Version 12.00
# Visual Studio Version 17
VisualStudioVersion = 17.7.34221.43
MinimumVisualStudioVersion = 10.0.40219.1
Project("{FAE04EC0-301F-11D3-BF4B-00C04F79EFBC}") = "CrashMePlease", "CrashMePlease.csproj", "{951B27A6-A265-41E1-B2F9-1386F54FC3F5}"
EndProject
Global
	GlobalSection(SolutionConfigurationPlatforms) = preSolution
		Debug|Any CPU = Debug|Any CPU
		Release|Any CPU = Release|Any CPU
	EndGlobalSection
	GlobalSection(ProjectConfigurationPlatforms) = postSolution
		{951B27A6-A265-41E1-B2F9-1386F54FC3F5}.Debug|Any CPU.ActiveCfg = Debug|Any CPU
		{951B27A6-A265-41E1-B2F9-1386F54FC3F5}.Debug|Any CPU.Build.0 = Debug|Any CPU
		{951B27A6-A265-41E1-B2F9-1386F54FC3F5}.Release|Any CPU.ActiveCfg = Release|Any CPU
		{951B27A6-A265-41E1-B2F9-1386F54FC3F5}.Release|Any CPU.Build.0 = Release|Any CPU
	EndGlobalSection
	GlobalSection(SolutionProperties) = preSolution
		HideSolutionNode = FALSE
	EndGlobalSection
	GlobalSection(ExtensibilityGlobals) = postSolution
		SolutionGuid = {62353840-D39D-4FBA-A962-847E56A64923}
	EndGlobalSection
EndGlobal
